
Microsoft Visual Studio Solution File, Format Version 12.00
# Visual Studio Version 17
VisualStudioVersion = 17.11.35208.52
MinimumVisualStudioVersion = 10.0.40219.1
Project("{FAE04EC0-301F-11D3-BF4B-00C04F79EFBC}") = "Cours02_GitSyntaxe", "Cours02_GitSyntaxe\Cours02_GitSyntaxe.csproj", "{00407A25-C42F-4CE4-A70E-8F9F82141D3D}"
EndProject
Global
	GlobalSection(SolutionConfigurationPlatforms) = preSolution
		Debug|Any CPU = Debug|Any CPU
		Release|Any CPU = Release|Any CPU
	EndGlobalSection
	GlobalSection(ProjectConfigurationPlatforms) = postSolution
		{00407A25-C42F-4CE4-A70E-8F9F82141D3D}.Debug|Any CPU.ActiveCfg = Debug|Any CPU
		{00407A25-C42F-4CE4-A70E-8F9F82141D3D}.Debug|Any CPU.Build.0 = Debug|Any CPU
		{00407A25-C42F-4CE4-A70E-8F9F82141D3D}.Release|Any CPU.ActiveCfg = Release|Any CPU
		{00407A25-C42F-4CE4-A70E-8F9F82141D3D}.Release|Any CPU.Build.0 = Release|Any CPU
	EndGlobalSection
	GlobalSection(SolutionProperties) = preSolution
		HideSolutionNode = FALSE
	EndGlobalSection
	GlobalSection(ExtensibilityGlobals) = postSolution
		SolutionGuid = {CF89EC92-B079-48F9-97A6-1147AE111DC6}
	EndGlobalSection
EndGlobal
