
Microsoft Visual Studio Solution File, Format Version 12.00
# Visual Studio Version 17
VisualStudioVersion = 17.11.35208.52
MinimumVisualStudioVersion = 10.0.40219.1
Project("{9A19103F-16F7-4668-BE54-9A1E7A4F7556}") = "Cours02_GitSyntaxe", "Cours02_GitSyntaxe\Cours02_GitSyntaxe.csproj", "{00407A25-C42F-4CE4-A70E-8F9F82141D3D}"
EndProject
Project("{9A19103F-16F7-4668-BE54-9A1E7A4F7556}") = "Cours03_EntreesSorties", "Cours03_EntreesSorties\Cours03_EntreesSorties.csproj", "{02DB3870-2E4D-4F45-9B09-97808957F060}"
EndProject
Project("{9A19103F-16F7-4668-BE54-9A1E7A4F7556}") = "Cours04_BooleensIfElse", "Cours04_BooleensIfElse\Cours04_BooleensIfElse.csproj", "{E1AD025A-7893-4DD7-ACBA-D4462EC1CC6C}"
EndProject
Project("{9A19103F-16F7-4668-BE54-9A1E7A4F7556}") = "Cours05_ScopeSwitch", "Cours05_ScopeSwitch\Cours05_ScopeSwitch.csproj", "{F99E0EE9-F061-4E0C-A3CF-00DA80226B5C}"
EndProject
Project("{FAE04EC0-301F-11D3-BF4B-00C04F79EFBC}") = "Cours06_ConstantesModulo", "Cours06_ConstantesModulo\Cours06_ConstantesModulo.csproj", "{7D321E3F-8FD1-4A86-9B3A-EA506C6FAE0B}"
EndProject
Global
	GlobalSection(SolutionConfigurationPlatforms) = preSolution
		Debug|Any CPU = Debug|Any CPU
		Release|Any CPU = Release|Any CPU
	EndGlobalSection
	GlobalSection(ProjectConfigurationPlatforms) = postSolution
		{00407A25-C42F-4CE4-A70E-8F9F82141D3D}.Debug|Any CPU.ActiveCfg = Debug|Any CPU
		{00407A25-C42F-4CE4-A70E-8F9F82141D3D}.Debug|Any CPU.Build.0 = Debug|Any CPU
		{00407A25-C42F-4CE4-A70E-8F9F82141D3D}.Release|Any CPU.ActiveCfg = Release|Any CPU
		{00407A25-C42F-4CE4-A70E-8F9F82141D3D}.Release|Any CPU.Build.0 = Release|Any CPU
		{02DB3870-2E4D-4F45-9B09-97808957F060}.Debug|Any CPU.ActiveCfg = Debug|Any CPU
		{02DB3870-2E4D-4F45-9B09-97808957F060}.Debug|Any CPU.Build.0 = Debug|Any CPU
		{02DB3870-2E4D-4F45-9B09-97808957F060}.Release|Any CPU.ActiveCfg = Release|Any CPU
		{02DB3870-2E4D-4F45-9B09-97808957F060}.Release|Any CPU.Build.0 = Release|Any CPU
		{E1AD025A-7893-4DD7-ACBA-D4462EC1CC6C}.Debug|Any CPU.ActiveCfg = Debug|Any CPU
		{E1AD025A-7893-4DD7-ACBA-D4462EC1CC6C}.Debug|Any CPU.Build.0 = Debug|Any CPU
		{E1AD025A-7893-4DD7-ACBA-D4462EC1CC6C}.Release|Any CPU.ActiveCfg = Release|Any CPU
		{E1AD025A-7893-4DD7-ACBA-D4462EC1CC6C}.Release|Any CPU.Build.0 = Release|Any CPU
		{F99E0EE9-F061-4E0C-A3CF-00DA80226B5C}.Debug|Any CPU.ActiveCfg = Debug|Any CPU
		{F99E0EE9-F061-4E0C-A3CF-00DA80226B5C}.Debug|Any CPU.Build.0 = Debug|Any CPU
		{F99E0EE9-F061-4E0C-A3CF-00DA80226B5C}.Release|Any CPU.ActiveCfg = Release|Any CPU
		{F99E0EE9-F061-4E0C-A3CF-00DA80226B5C}.Release|Any CPU.Build.0 = Release|Any CPU
		{7D321E3F-8FD1-4A86-9B3A-EA506C6FAE0B}.Debug|Any CPU.ActiveCfg = Debug|Any CPU
		{7D321E3F-8FD1-4A86-9B3A-EA506C6FAE0B}.Debug|Any CPU.Build.0 = Debug|Any CPU
		{7D321E3F-8FD1-4A86-9B3A-EA506C6FAE0B}.Release|Any CPU.ActiveCfg = Release|Any CPU
		{7D321E3F-8FD1-4A86-9B3A-EA506C6FAE0B}.Release|Any CPU.Build.0 = Release|Any CPU
	EndGlobalSection
	GlobalSection(SolutionProperties) = preSolution
		HideSolutionNode = FALSE
	EndGlobalSection
	GlobalSection(ExtensibilityGlobals) = postSolution
		SolutionGuid = {CF89EC92-B079-48F9-97A6-1147AE111DC6}
	EndGlobalSection
EndGlobal
